{
  "version": 4,
  "terraform_version": "1.4.5",
  "serial": 41,
  "lineage": "44430d4e-e693-82dc-3f83-d09ede0c63c0",
  "outputs": {
    "password": {
      "value": [
        "wcFMAxuWLxsaF1rzAQ/+KQbCNrwdpgNQrsq2m3uKu5fpDvrnEUhd3nrKAtmulIYLIQa6t89bhfRyP0QiEMIKAZigLZz8nQq6cMAO34koWLo8ENpHtCnA99Bumn8sQZnT+WYPMkYzGu1ul84OHxRKUxc+r69+jm5C2EujnYa52pxveG12n2f6Cy7194QDvwkdAZCfn8L60bLJshfJuQUEJbDgd0NEu2V2jWsymkwYqXNwissmaYAkgpnBhgYYgjvl9B4kxRM2NLTuB6dMcJqyNsczSJQvYMbl+X4P9r+RGRVTNFEsMzEXVJJBhozEBTkObHqf3OarZy3gdUYJgswMmmGE2Yz3nWI3q9dk2cg9azRtRjcepFnkoJ20B5hIt+zb+vFQn/YyoI4IT3cgpbhPIyozPNBR7MR06d/HHSJywRZ1yZsUvEvnrexovTQBk7Q139df9q2miOxwz784FVL9M2GjqcQVJ0Z22703HJVFhGqFFVh7sRkSpFHkz02LLc9VHJE6KshOIFtd0niEDnIhvm3I6FVFb0pF0i545wly3AMEr3xrWhNaSURACPv+dHzXr/nDN4zmRxODrlicMEGBw+kn8rgrra3ggHE+rR+B78Z8tFTlRiguhmi3QoHMOxGns+o64pADebO0QEBOLV4GWRWwlu3N3CIGTy068TswtN81dfK3Kx2JbVK7QZmJkC/SRQHGU5mqccFhac9aD/hY0S5PCPbRHdYOkCPyCaFXx5eLBwhZkxaThvyFh/Q+XM670p7sSyPBzneSZLEIRguWbdY7W/qcPQ==",
        "wcFMAxuWLxsaF1rzARAAjiOA6QpeKiW/uCX66CN3Y867l4nHw63fduzfDAkxZvoj9wWfw3/Z2eV1C/rgItgYB7LfmSbIQqZOdCM1c6kL9jcbQM2vw19b5fy4drD0W3Spd+ochk/Afwc6vk+KgfHyFx66aYRcbDXv0YO8a6om0XguZbNspVmJ8bM9EpLkqIn4OMkn/EwRO1Jrg7IEHvBXSkxK2RotlQ/dzb+YM5k8u4VFARrrH9au0kzXRDI2GRYamdoGdKE/8wo5p/XdjQHm6dVP2r1kfUccYZpKZ53DT1gG/j0WvqXpQiGnK2yMieHpGXlar8ysqEihytDMm/OGBgYUdfcshL8xKtGZ+LwG+JFR0HqfFFByavPORC5UA4bC3MN57UiIBsK8DbbHtEboOQE4ZfEhPfJyMJVN3b2pdgJroivWA9Bn5dq29yfpaJdhjuHfB/AxuyqJ0ptIB20dhjKlyoOF6hMa+r0zVs/eAIBG1ly7sEu4g90vW4TswGI9B1l8YpOmzuDIwdg2zc5kpoudeH5H+3B2u5RFFelF2QSCy08G3kGiYGiOa9CpWhLoptfL3ti7GFbMA/ckaBuEKjvoCoHoQm0CW0SxRQ2GQ8mvdyGj+6a91aYU+/F/wOe+vvW7niRav+MUi+5ESD7CD//vsTeRbfwftTEDtikOuFn/mVRrpoxJpNNi2KMi5HzSRQHLawhzA1VzKpeL7dBFk7mMhVW/OyD9PGxQxvi7d6o0BWGnsWxDxRfJoblftdgS4Pl7ytIDoYNg4F4wE1joa8W2ZLnWaA=="
      ],
      "type": [
        "tuple",
        [
          "string",
          "string"
        ]
      ]
    }
  },
  "resources": [
    {
      "mode": "data",
      "type": "aws_caller_identity",
      "name": "current",
      "provider": "provider[\"registry.terraform.io/hashicorp/aws\"]",
      "instances": [
        {
          "schema_version": 0,
          "attributes": {
            "account_id": "738912370945",
            "arn": "arn:aws:iam::738912370945:user/JayT",
            "id": "738912370945",
            "user_id": "AIDA2YCU4AEAWGO7JNXV3"
          },
          "sensitive_attributes": []
        }
      ]
    },
    {
      "mode": "data",
      "type": "aws_iam_policy_document",
      "name": "admin",
      "provider": "provider[\"registry.terraform.io/hashicorp/aws\"]",
      "instances": [
        {
          "schema_version": 0,
          "attributes": {
            "id": "236601581",
            "json": "{\n  \"Version\": \"2012-10-17\",\n  \"Statement\": [\n    {\n      \"Sid\": \"AllowAdmin\",\n      \"Effect\": \"Allow\",\n      \"Action\": \"*\",\n      \"Resource\": \"*\"\n    },\n    {\n      \"Sid\": \"AllowPassRole\",\n      \"Effect\": \"Allow\",\n      \"Action\": \"iam:PassRole\",\n      \"Resource\": \"*\",\n      \"Condition\": {\n        \"StringEquals\": {\n          \"iam:PassedToService\": \"eks.amazonaws.com\"\n        }\n      }\n    }\n  ]\n}",
            "override_json": null,
            "override_policy_documents": null,
            "policy_id": null,
            "source_json": null,
            "source_policy_documents": null,
            "statement": [
              {
                "actions": [
                  "*"
                ],
                "condition": [],
                "effect": "Allow",
                "not_actions": [],
                "not_principals": [],
                "not_resources": [],
                "principals": [],
                "resources": [
                  "*"
                ],
                "sid": "AllowAdmin"
              },
              {
                "actions": [
                  "iam:PassRole"
                ],
                "condition": [
                  {
                    "test": "StringEquals",
                    "values": [
                      "eks.amazonaws.com"
                    ],
                    "variable": "iam:PassedToService"
                  }
                ],
                "effect": "Allow",
                "not_actions": [],
                "not_principals": [],
                "not_resources": [],
                "principals": [],
                "resources": [
                  "*"
                ],
                "sid": "AllowPassRole"
              }
            ],
            "version": "2012-10-17"
          },
          "sensitive_attributes": []
        }
      ]
    },
    {
      "mode": "data",
      "type": "aws_iam_policy_document",
      "name": "developer",
      "provider": "provider[\"registry.terraform.io/hashicorp/aws\"]",
      "instances": [
        {
          "schema_version": 0,
          "attributes": {
            "id": "3146063397",
            "json": "{\n  \"Version\": \"2012-10-17\",\n  \"Statement\": [\n    {\n      \"Sid\": \"AllowDeveloper\",\n      \"Effect\": \"Allow\",\n      \"Action\": [\n        \"ssm:GetParameter\",\n        \"eks:ListUpdates\",\n        \"eks:ListNodegroups\",\n        \"eks:ListFargateProfiles\",\n        \"eks:ListClusters\",\n        \"eks:DescribeNodegroup\",\n        \"eks:DescribeCluster\",\n        \"eks:AccessKubernetesApi\"\n      ],\n      \"Resource\": \"*\"\n    }\n  ]\n}",
            "override_json": null,
            "override_policy_documents": null,
            "policy_id": null,
            "source_json": null,
            "source_policy_documents": null,
            "statement": [
              {
                "actions": [
                  "eks:AccessKubernetesApi",
                  "eks:DescribeCluster",
                  "eks:DescribeNodegroup",
                  "eks:ListClusters",
                  "eks:ListFargateProfiles",
                  "eks:ListNodegroups",
                  "eks:ListUpdates",
                  "ssm:GetParameter"
                ],
                "condition": [],
                "effect": "Allow",
                "not_actions": [],
                "not_principals": [],
                "not_resources": [],
                "principals": [],
                "resources": [
                  "*"
                ],
                "sid": "AllowDeveloper"
              }
            ],
            "version": "2012-10-17"
          },
          "sensitive_attributes": []
        }
      ]
    },
    {
      "mode": "data",
      "type": "aws_iam_policy_document",
      "name": "manager_assume_role",
      "provider": "provider[\"registry.terraform.io/hashicorp/aws\"]",
      "instances": [
        {
          "schema_version": 0,
          "attributes": {
            "id": "1337641227",
            "json": "{\n  \"Version\": \"2012-10-17\",\n  \"Statement\": [\n    {\n      \"Sid\": \"AllowManagerAssumeRole\",\n      \"Effect\": \"Allow\",\n      \"Action\": \"sts:AssumeRole\",\n      \"Principal\": {\n        \"AWS\": \"arn:aws:iam::738912370945:user/manager\"\n      }\n    }\n  ]\n}",
            "override_json": null,
            "override_policy_documents": null,
            "policy_id": null,
            "source_json": null,
            "source_policy_documents": null,
            "statement": [
              {
                "actions": [
                  "sts:AssumeRole"
                ],
                "condition": [],
                "effect": "Allow",
                "not_actions": [],
                "not_principals": [],
                "not_resources": [],
                "principals": [
                  {
                    "identifiers": [
                      "arn:aws:iam::738912370945:user/manager"
                    ],
                    "type": "AWS"
                  }
                ],
                "resources": [],
                "sid": "AllowManagerAssumeRole"
              }
            ],
            "version": "2012-10-17"
          },
          "sensitive_attributes": []
        }
      ]
    },
    {
      "mode": "managed",
      "type": "aws_iam_account_password_policy",
      "name": "strict",
      "provider": "provider[\"registry.terraform.io/hashicorp/aws\"]",
      "instances": [
        {
          "schema_version": 0,
          "attributes": {
            "allow_users_to_change_password": true,
            "expire_passwords": false,
            "hard_expiry": false,
            "id": "iam-account-password-policy",
            "max_password_age": 0,
            "minimum_password_length": 8,
            "password_reuse_prevention": 0,
            "require_lowercase_characters": true,
            "require_numbers": true,
            "require_symbols": true,
            "require_uppercase_characters": true
          },
          "sensitive_attributes": [],
          "private": "bnVsbA=="
        }
      ]
    },
    {
      "mode": "managed",
      "type": "aws_iam_group",
      "name": "eks_developer",
      "provider": "provider[\"registry.terraform.io/hashicorp/aws\"]",
      "instances": [
        {
          "schema_version": 0,
          "attributes": {
            "arn": "arn:aws:iam::738912370945:group/Developer",
            "id": "Developer",
            "name": "Developer",
            "path": "/",
            "unique_id": "AGPA2YCU4AEAZO3OSWYRU"
          },
          "sensitive_attributes": [],
          "private": "bnVsbA=="
        }
      ]
    },
    {
      "mode": "managed",
      "type": "aws_iam_group_membership",
      "name": "db_team",
      "provider": "provider[\"registry.terraform.io/hashicorp/aws\"]",
      "instances": [
        {
          "schema_version": 0,
          "attributes": {
            "group": "Developer",
            "id": "dev-group-membership",
            "name": "dev-group-membership",
            "users": [
              "developer"
            ]
          },
          "sensitive_attributes": [],
          "private": "bnVsbA==",
          "dependencies": [
            "aws_iam_group.eks_developer",
            "aws_iam_user.eks_user"
          ]
        }
      ]
    },
    {
      "mode": "managed",
      "type": "aws_iam_group_policy",
      "name": "developer_policy",
      "provider": "provider[\"registry.terraform.io/hashicorp/aws\"]",
      "instances": [
        {
          "schema_version": 0,
          "attributes": {
            "group": "Developer",
            "id": "Developer:developer",
            "name": "developer",
            "name_prefix": null,
            "policy": "{\n  \"Version\": \"2012-10-17\",\n  \"Statement\": [\n    {\n      \"Sid\": \"AllowDeveloper\",\n      \"Effect\": \"Allow\",\n      \"Action\": [\n        \"ssm:GetParameter\",\n        \"eks:ListUpdates\",\n        \"eks:ListNodegroups\",\n        \"eks:ListFargateProfiles\",\n        \"eks:ListClusters\",\n        \"eks:DescribeNodegroup\",\n        \"eks:DescribeCluster\",\n        \"eks:AccessKubernetesApi\"\n      ],\n      \"Resource\": \"*\"\n    }\n  ]\n}"
          },
          "sensitive_attributes": [],
          "private": "bnVsbA==",
          "dependencies": [
            "aws_iam_group.eks_developer",
            "data.aws_iam_policy_document.developer"
          ]
        }
      ]
    },
    {
      "mode": "managed",
      "type": "aws_iam_policy",
      "name": "eks_admin",
      "provider": "provider[\"registry.terraform.io/hashicorp/aws\"]",
      "instances": [
        {
          "schema_version": 0,
          "attributes": {
            "arn": "arn:aws:iam::738912370945:policy/eks-admin",
            "description": "",
            "id": "arn:aws:iam::738912370945:policy/eks-admin",
            "name": "eks-admin",
            "name_prefix": null,
            "path": "/",
            "policy": "{\"Statement\":[{\"Action\":\"*\",\"Effect\":\"Allow\",\"Resource\":\"*\",\"Sid\":\"AllowAdmin\"},{\"Action\":\"iam:PassRole\",\"Condition\":{\"StringEquals\":{\"iam:PassedToService\":\"eks.amazonaws.com\"}},\"Effect\":\"Allow\",\"Resource\":\"*\",\"Sid\":\"AllowPassRole\"}],\"Version\":\"2012-10-17\"}",
            "policy_id": "ANPA2YCU4AEA7MN3WT5TN",
            "tags": {},
            "tags_all": {}
          },
          "sensitive_attributes": [],
          "private": "bnVsbA==",
          "dependencies": [
            "data.aws_iam_policy_document.admin"
          ]
        }
      ]
    },
    {
      "mode": "managed",
      "type": "aws_iam_role",
      "name": "managers",
      "provider": "provider[\"registry.terraform.io/hashicorp/aws\"]",
      "instances": [
        {
          "schema_version": 0,
          "attributes": {
            "arn": "arn:aws:iam::738912370945:role/Manager-eks-Role",
            "assume_role_policy": "{\"Version\":\"2012-10-17\",\"Statement\":[{\"Sid\":\"AllowManagerAssumeRole\",\"Effect\":\"Allow\",\"Principal\":{\"AWS\":\"arn:aws:iam::738912370945:user/manager\"},\"Action\":\"sts:AssumeRole\"}]}",
            "create_date": "2023-08-28T23:34:36Z",
            "description": "",
            "force_detach_policies": false,
            "id": "Manager-eks-Role",
            "inline_policy": [
              {
                "name": "",
                "policy": ""
              }
            ],
            "managed_policy_arns": [
              "arn:aws:iam::738912370945:policy/eks-admin"
            ],
            "max_session_duration": 3600,
            "name": "Manager-eks-Role",
            "name_prefix": "",
            "path": "/",
            "permissions_boundary": null,
            "tags": {},
            "tags_all": {},
            "unique_id": "AROA2YCU4AEAZTX36E6QK"
          },
          "sensitive_attributes": [],
          "private": "bnVsbA==",
          "dependencies": [
            "data.aws_caller_identity.current",
            "data.aws_iam_policy_document.manager_assume_role"
          ]
        }
      ]
    },
    {
      "mode": "managed",
      "type": "aws_iam_role_policy_attachment",
      "name": "admin_policy",
      "provider": "provider[\"registry.terraform.io/hashicorp/aws\"]",
      "instances": [
        {
          "schema_version": 0,
          "attributes": {
            "id": "Manager-eks-Role-20230828233439117100000001",
            "policy_arn": "arn:aws:iam::738912370945:policy/eks-admin",
            "role": "Manager-eks-Role"
          },
          "sensitive_attributes": [],
          "private": "bnVsbA==",
          "dependencies": [
            "aws_iam_policy.eks_admin",
            "aws_iam_role.managers",
            "data.aws_caller_identity.current",
            "data.aws_iam_policy_document.admin",
            "data.aws_iam_policy_document.manager_assume_role"
          ]
        }
      ]
    },
    {
      "mode": "managed",
      "type": "aws_iam_user",
      "name": "eks_user",
      "provider": "provider[\"registry.terraform.io/hashicorp/aws\"]",
      "instances": [
        {
          "index_key": 0,
          "schema_version": 0,
          "attributes": {
            "arn": "arn:aws:iam::738912370945:user/developer",
            "force_destroy": true,
            "id": "developer",
            "name": "developer",
            "path": "/",
            "permissions_boundary": null,
            "tags": {
              "Department": "eks-user"
            },
            "tags_all": {
              "Department": "eks-user"
            },
            "unique_id": "AIDA2YCU4AEAZBDXZ4QTH"
          },
          "sensitive_attributes": [],
          "private": "bnVsbA=="
        },
        {
          "index_key": 1,
          "schema_version": 0,
          "attributes": {
            "arn": "arn:aws:iam::738912370945:user/manager",
            "force_destroy": true,
            "id": "manager",
            "name": "manager",
            "path": "/",
            "permissions_boundary": null,
            "tags": {
              "Department": "eks-user"
            },
            "tags_all": {
              "Department": "eks-user"
            },
            "unique_id": "AIDA2YCU4AEARIVRUVTLR"
          },
          "sensitive_attributes": [],
          "private": "bnVsbA=="
        }
      ]
    },
    {
      "mode": "managed",
      "type": "aws_iam_user_login_profile",
      "name": "DB_user",
      "provider": "provider[\"registry.terraform.io/hashicorp/aws\"]",
      "instances": [
        {
          "index_key": 0,
          "schema_version": 0,
          "attributes": {
            "encrypted_password": "wcFMAxuWLxsaF1rzAQ/+KQbCNrwdpgNQrsq2m3uKu5fpDvrnEUhd3nrKAtmulIYLIQa6t89bhfRyP0QiEMIKAZigLZz8nQq6cMAO34koWLo8ENpHtCnA99Bumn8sQZnT+WYPMkYzGu1ul84OHxRKUxc+r69+jm5C2EujnYa52pxveG12n2f6Cy7194QDvwkdAZCfn8L60bLJshfJuQUEJbDgd0NEu2V2jWsymkwYqXNwissmaYAkgpnBhgYYgjvl9B4kxRM2NLTuB6dMcJqyNsczSJQvYMbl+X4P9r+RGRVTNFEsMzEXVJJBhozEBTkObHqf3OarZy3gdUYJgswMmmGE2Yz3nWI3q9dk2cg9azRtRjcepFnkoJ20B5hIt+zb+vFQn/YyoI4IT3cgpbhPIyozPNBR7MR06d/HHSJywRZ1yZsUvEvnrexovTQBk7Q139df9q2miOxwz784FVL9M2GjqcQVJ0Z22703HJVFhGqFFVh7sRkSpFHkz02LLc9VHJE6KshOIFtd0niEDnIhvm3I6FVFb0pF0i545wly3AMEr3xrWhNaSURACPv+dHzXr/nDN4zmRxODrlicMEGBw+kn8rgrra3ggHE+rR+B78Z8tFTlRiguhmi3QoHMOxGns+o64pADebO0QEBOLV4GWRWwlu3N3CIGTy068TswtN81dfK3Kx2JbVK7QZmJkC/SRQHGU5mqccFhac9aD/hY0S5PCPbRHdYOkCPyCaFXx5eLBwhZkxaThvyFh/Q+XM670p7sSyPBzneSZLEIRguWbdY7W/qcPQ==",
            "id": "developer",
            "key_fingerprint": "69329a9376c249bed292ffdbc6381092db585c7d",
            "password_length": 20,
            "password_reset_required": true,
            "pgp_key": "keybase:ejohnpaul",
            "user": "developer"
          },
          "sensitive_attributes": [],
          "private": "bnVsbA==",
          "dependencies": [
            "aws_iam_user.eks_user"
          ]
        },
        {
          "index_key": 1,
          "schema_version": 0,
          "attributes": {
            "encrypted_password": "wcFMAxuWLxsaF1rzARAAjiOA6QpeKiW/uCX66CN3Y867l4nHw63fduzfDAkxZvoj9wWfw3/Z2eV1C/rgItgYB7LfmSbIQqZOdCM1c6kL9jcbQM2vw19b5fy4drD0W3Spd+ochk/Afwc6vk+KgfHyFx66aYRcbDXv0YO8a6om0XguZbNspVmJ8bM9EpLkqIn4OMkn/EwRO1Jrg7IEHvBXSkxK2RotlQ/dzb+YM5k8u4VFARrrH9au0kzXRDI2GRYamdoGdKE/8wo5p/XdjQHm6dVP2r1kfUccYZpKZ53DT1gG/j0WvqXpQiGnK2yMieHpGXlar8ysqEihytDMm/OGBgYUdfcshL8xKtGZ+LwG+JFR0HqfFFByavPORC5UA4bC3MN57UiIBsK8DbbHtEboOQE4ZfEhPfJyMJVN3b2pdgJroivWA9Bn5dq29yfpaJdhjuHfB/AxuyqJ0ptIB20dhjKlyoOF6hMa+r0zVs/eAIBG1ly7sEu4g90vW4TswGI9B1l8YpOmzuDIwdg2zc5kpoudeH5H+3B2u5RFFelF2QSCy08G3kGiYGiOa9CpWhLoptfL3ti7GFbMA/ckaBuEKjvoCoHoQm0CW0SxRQ2GQ8mvdyGj+6a91aYU+/F/wOe+vvW7niRav+MUi+5ESD7CD//vsTeRbfwftTEDtikOuFn/mVRrpoxJpNNi2KMi5HzSRQHLawhzA1VzKpeL7dBFk7mMhVW/OyD9PGxQxvi7d6o0BWGnsWxDxRfJoblftdgS4Pl7ytIDoYNg4F4wE1joa8W2ZLnWaA==",
            "id": "manager",
            "key_fingerprint": "69329a9376c249bed292ffdbc6381092db585c7d",
            "password_length": 20,
            "password_reset_required": true,
            "pgp_key": "keybase:ejohnpaul",
            "user": "manager"
          },
          "sensitive_attributes": [],
          "private": "bnVsbA==",
          "dependencies": [
            "aws_iam_user.eks_user"
          ]
        }
      ]
    }
  ],
  "check_results": null
}
