{
  "version": 4,
  "terraform_version": "1.4.5",
  "serial": 224,
  "lineage": "8458d84d-8848-e011-95dd-471017ade590",
  "outputs": {},
  "resources": [
    {
      "mode": "data",
      "type": "external",
      "name": "vpc_name",
      "provider": "provider[\"registry.terraform.io/hashicorp/external\"]",
      "instances": [
        {
          "schema_version": 0,
          "attributes": {
            "id": "-",
            "program": [
              "python",
              "./name.py"
            ],
            "query": null,
            "result": {
              "name": "vpc-1694450544"
            },
            "working_dir": null
          },
          "sensitive_attributes": []
        }
      ]
    },
    {
      "mode": "managed",
      "type": "aws_vpc",
      "name": "main",
      "provider": "provider[\"registry.terraform.io/hashicorp/aws\"]",
      "instances": [
        {
          "schema_version": 1,
          "attributes": {
            "arn": "arn:aws:ec2:us-east-1:738912370945:vpc/vpc-0d5f4fa3211322021",
            "assign_generated_ipv6_cidr_block": false,
            "cidr_block": "10.0.0.0/16",
            "default_network_acl_id": "acl-027c80ef145062699",
            "default_route_table_id": "rtb-0d3356a36277b41ed",
            "default_security_group_id": "sg-0692924454177704c",
            "dhcp_options_id": "dopt-0a7d48dba385587e8",
            "enable_dns_hostnames": false,
            "enable_dns_support": true,
            "enable_network_address_usage_metrics": false,
            "id": "vpc-0d5f4fa3211322021",
            "instance_tenancy": "default",
            "ipv4_ipam_pool_id": null,
            "ipv4_netmask_length": null,
            "ipv6_association_id": "",
            "ipv6_cidr_block": "",
            "ipv6_cidr_block_network_border_group": "",
            "ipv6_ipam_pool_id": "",
            "ipv6_netmask_length": 0,
            "main_route_table_id": "rtb-0d3356a36277b41ed",
            "owner_id": "738912370945",
            "tags": {
              "Name": "vpc-1694449728"
            },
            "tags_all": {
              "Name": "vpc-1694449728"
            }
          },
          "sensitive_attributes": [],
          "private": "eyJzY2hlbWFfdmVyc2lvbiI6IjEifQ==",
          "dependencies": [
            "data.external.vpc_name"
          ]
        }
      ]
    }
  ],
  "check_results": null
}
